
Microsoft Visual Studio Solution File, Format Version 12.00
# Visual Studio Version 17
VisualStudioVersion = 17.0.31903.59
MinimumVisualStudioVersion = 10.0.40219.1
Project("{FAE04EC0-301F-11D3-BF4B-00C04F79EFBC}") = "Variables", "Variables\Variables.csproj", "{E674FEFE-EF30-4747-863A-DC35469D5FE4}"
EndProject
Project("{FAE04EC0-301F-11D3-BF4B-00C04F79EFBC}") = "DataConvert", "DataConvert\DataConvert.csproj", "{D73D3529-909C-43D9-98E3-E2965A443C13}"
EndProject
Project("{FAE04EC0-301F-11D3-BF4B-00C04F79EFBC}") = "Arrays", "Arrays\Arrays.csproj", "{E6D48B95-86B9-4359-A25B-0102D5D88F86}"
EndProject
Project("{FAE04EC0-301F-11D3-BF4B-00C04F79EFBC}") = "Classes&Objects", "Classes&Objects\Classes&Objects.csproj", "{B62C5318-8975-4669-B8E8-33A3EB8ECDCE}"
EndProject
Global
	GlobalSection(SolutionConfigurationPlatforms) = preSolution
		Debug|Any CPU = Debug|Any CPU
		Release|Any CPU = Release|Any CPU
	EndGlobalSection
	GlobalSection(SolutionProperties) = preSolution
		HideSolutionNode = FALSE
	EndGlobalSection
	GlobalSection(ProjectConfigurationPlatforms) = postSolution
		{E674FEFE-EF30-4747-863A-DC35469D5FE4}.Debug|Any CPU.ActiveCfg = Debug|Any CPU
		{E674FEFE-EF30-4747-863A-DC35469D5FE4}.Debug|Any CPU.Build.0 = Debug|Any CPU
		{E674FEFE-EF30-4747-863A-DC35469D5FE4}.Release|Any CPU.ActiveCfg = Release|Any CPU
		{E674FEFE-EF30-4747-863A-DC35469D5FE4}.Release|Any CPU.Build.0 = Release|Any CPU
		{D73D3529-909C-43D9-98E3-E2965A443C13}.Debug|Any CPU.ActiveCfg = Debug|Any CPU
		{D73D3529-909C-43D9-98E3-E2965A443C13}.Debug|Any CPU.Build.0 = Debug|Any CPU
		{D73D3529-909C-43D9-98E3-E2965A443C13}.Release|Any CPU.ActiveCfg = Release|Any CPU
		{D73D3529-909C-43D9-98E3-E2965A443C13}.Release|Any CPU.Build.0 = Release|Any CPU
		{E6D48B95-86B9-4359-A25B-0102D5D88F86}.Debug|Any CPU.ActiveCfg = Debug|Any CPU
		{E6D48B95-86B9-4359-A25B-0102D5D88F86}.Debug|Any CPU.Build.0 = Debug|Any CPU
		{E6D48B95-86B9-4359-A25B-0102D5D88F86}.Release|Any CPU.ActiveCfg = Release|Any CPU
		{E6D48B95-86B9-4359-A25B-0102D5D88F86}.Release|Any CPU.Build.0 = Release|Any CPU
		{B62C5318-8975-4669-B8E8-33A3EB8ECDCE}.Debug|Any CPU.ActiveCfg = Debug|Any CPU
		{B62C5318-8975-4669-B8E8-33A3EB8ECDCE}.Debug|Any CPU.Build.0 = Debug|Any CPU
		{B62C5318-8975-4669-B8E8-33A3EB8ECDCE}.Release|Any CPU.ActiveCfg = Release|Any CPU
		{B62C5318-8975-4669-B8E8-33A3EB8ECDCE}.Release|Any CPU.Build.0 = Release|Any CPU
	EndGlobalSection
EndGlobal
